// !$*UTF8*$!
{
	archiveVersion = 1;
	classes = {
	};
	objectVersion = 46;
	objects = {

/* Begin PBXBuildFile section */
		2A1E62C91ED4276E00BFC0AD /* zz_controller.c in Sources */ = {isa = PBXBuildFile; fileRef = 2A1E62C71ED4276E00BFC0AD /* zz_controller.c */; };
		2A1E62CC1ED4284400BFC0AD /* zz_decoder.c in Sources */ = {isa = PBXBuildFile; fileRef = 2A1E62CA1ED4284400BFC0AD /* zz_decoder.c */; };
		2A1E62CF1ED43B8B00BFC0AD /* zz_buffer.c in Sources */ = {isa = PBXBuildFile; fileRef = 2A1E62CD1ED43B8B00BFC0AD /* zz_buffer.c */; };
		2A1E62D21ED457B900BFC0AD /* zz_queue.c in Sources */ = {isa = PBXBuildFile; fileRef = 2A1E62D01ED457B900BFC0AD /* zz_queue.c */; };
		2A1E63561ED83ED000BFC0AD /* libavcodec.a in Frameworks */ = {isa = PBXBuildFile; fileRef = 2A1E634E1ED83ECF00BFC0AD /* libavcodec.a */; };
		2A1E63571ED83ED000BFC0AD /* libavdevice.a in Frameworks */ = {isa = PBXBuildFile; fileRef = 2A1E634F1ED83ECF00BFC0AD /* libavdevice.a */; };
		2A1E63581ED83ED000BFC0AD /* libavfilter.a in Frameworks */ = {isa = PBXBuildFile; fileRef = 2A1E63501ED83ECF00BFC0AD /* libavfilter.a */; };
		2A1E63591ED83ED000BFC0AD /* libavformat.a in Frameworks */ = {isa = PBXBuildFile; fileRef = 2A1E63511ED83ECF00BFC0AD /* libavformat.a */; };
		2A1E635A1ED83ED000BFC0AD /* libavutil.a in Frameworks */ = {isa = PBXBuildFile; fileRef = 2A1E63521ED83ECF00BFC0AD /* libavutil.a */; };
		2A1E635B1ED83ED000BFC0AD /* libpostproc.a in Frameworks */ = {isa = PBXBuildFile; fileRef = 2A1E63531ED83ECF00BFC0AD /* libpostproc.a */; };
		2A1E635C1ED83ED000BFC0AD /* libswresample.a in Frameworks */ = {isa = PBXBuildFile; fileRef = 2A1E63541ED83ECF00BFC0AD /* libswresample.a */; };
		2A1E635D1ED83ED000BFC0AD /* libswscale.a in Frameworks */ = {isa = PBXBuildFile; fileRef = 2A1E63551ED83ECF00BFC0AD /* libswscale.a */; };
		2A1E635F1ED8402000BFC0AD /* VideoToolbox.framework in Frameworks */ = {isa = PBXBuildFile; fileRef = 2A1E635E1ED8402000BFC0AD /* VideoToolbox.framework */; };
		2A1E63611ED8403100BFC0AD /* AVFoundation.framework in Frameworks */ = {isa = PBXBuildFile; fileRef = 2A1E63601ED8403100BFC0AD /* AVFoundation.framework */; };
		7B074A4B1D7720A0006A7CF7 /* ZZAudioPlayer.m in Sources */ = {isa = PBXBuildFile; fileRef = 7B074A451D7720A0006A7CF7 /* ZZAudioPlayer.m */; };
		7B074A4C1D7720A0006A7CF7 /* ZZVideoPlayerView.m in Sources */ = {isa = PBXBuildFile; fileRef = 7B074A481D7720A0006A7CF7 /* ZZVideoPlayerView.m */; };
		7B074A501D7722D9006A7CF7 /* ZZFFmpegPlayer.m in Sources */ = {isa = PBXBuildFile; fileRef = 7B074A4F1D7722D9006A7CF7 /* ZZFFmpegPlayer.m */; };
		7B074A521D78851A006A7CF7 /* OpenGLES.framework in Frameworks */ = {isa = PBXBuildFile; fileRef = 7B074A511D78851A006A7CF7 /* OpenGLES.framework */; };
		7B074A541D788525006A7CF7 /* GLKit.framework in Frameworks */ = {isa = PBXBuildFile; fileRef = 7B074A531D788525006A7CF7 /* GLKit.framework */; };
		7B074A561D78853D006A7CF7 /* QuartzCore.framework in Frameworks */ = {isa = PBXBuildFile; fileRef = 7B074A551D78853D006A7CF7 /* QuartzCore.framework */; };
		7B224E981D6F489C00DD0BDD /* libiconv.tbd in Frameworks */ = {isa = PBXBuildFile; fileRef = 7B224E971D6F489C00DD0BDD /* libiconv.tbd */; };
		7B224E9A1D6F48AA00DD0BDD /* libz.tbd in Frameworks */ = {isa = PBXBuildFile; fileRef = 7B224E991D6F48AA00DD0BDD /* libz.tbd */; };
		7B224E9C1D6F48B100DD0BDD /* libbz2.tbd in Frameworks */ = {isa = PBXBuildFile; fileRef = 7B224E9B1D6F48B100DD0BDD /* libbz2.tbd */; };
		7B224E9F1D6F498F00DD0BDD /* ffmpegDecoder.c in Sources */ = {isa = PBXBuildFile; fileRef = 7B224E9D1D6F498E00DD0BDD /* ffmpegDecoder.c */; };
		7B46310518D1F09D009C5B3A /* Foundation.framework in Frameworks */ = {isa = PBXBuildFile; fileRef = 7B46310418D1F09D009C5B3A /* Foundation.framework */; };
		7B46310718D1F09D009C5B3A /* CoreGraphics.framework in Frameworks */ = {isa = PBXBuildFile; fileRef = 7B46310618D1F09D009C5B3A /* CoreGraphics.framework */; };
		7B46310918D1F09D009C5B3A /* UIKit.framework in Frameworks */ = {isa = PBXBuildFile; fileRef = 7B46310818D1F09D009C5B3A /* UIKit.framework */; };
		7B46310F18D1F09D009C5B3A /* InfoPlist.strings in Resources */ = {isa = PBXBuildFile; fileRef = 7B46310D18D1F09D009C5B3A /* InfoPlist.strings */; };
		7B46311118D1F09D009C5B3A /* main.m in Sources */ = {isa = PBXBuildFile; fileRef = 7B46311018D1F09D009C5B3A /* main.m */; };
		7B46311518D1F09D009C5B3A /* AppDelegate.m in Sources */ = {isa = PBXBuildFile; fileRef = 7B46311418D1F09D009C5B3A /* AppDelegate.m */; };
		7B46311B18D1F09D009C5B3A /* ViewController.m in Sources */ = {isa = PBXBuildFile; fileRef = 7B46311A18D1F09D009C5B3A /* ViewController.m */; };
		7B46311D18D1F09D009C5B3A /* Images.xcassets in Resources */ = {isa = PBXBuildFile; fileRef = 7B46311C18D1F09D009C5B3A /* Images.xcassets */; };
		7B46312418D1F09D009C5B3A /* XCTest.framework in Frameworks */ = {isa = PBXBuildFile; fileRef = 7B46312318D1F09D009C5B3A /* XCTest.framework */; };
		7B46312518D1F09D009C5B3A /* Foundation.framework in Frameworks */ = {isa = PBXBuildFile; fileRef = 7B46310418D1F09D009C5B3A /* Foundation.framework */; };
		7B46312618D1F09D009C5B3A /* UIKit.framework in Frameworks */ = {isa = PBXBuildFile; fileRef = 7B46310818D1F09D009C5B3A /* UIKit.framework */; };
		7B46312E18D1F09D009C5B3A /* InfoPlist.strings in Resources */ = {isa = PBXBuildFile; fileRef = 7B46312C18D1F09D009C5B3A /* InfoPlist.strings */; };
		7B46313018D1F09D009C5B3A /* testFFmpegTests.m in Sources */ = {isa = PBXBuildFile; fileRef = 7B46312F18D1F09D009C5B3A /* testFFmpegTests.m */; };
		7B4631A818D1F8C4009C5B3A /* Main.storyboard in Resources */ = {isa = PBXBuildFile; fileRef = 7B4631A618D1F8C4009C5B3A /* Main.storyboard */; };
		7B4631AC18D213DA009C5B3A /* DecodeMovie.m in Sources */ = {isa = PBXBuildFile; fileRef = 7B4631AB18D213DA009C5B3A /* DecodeMovie.m */; };
		7BE22D331D70819B0007B9EF /* ffmpegPacketQueue.c in Sources */ = {isa = PBXBuildFile; fileRef = 7BE22D311D70819B0007B9EF /* ffmpegPacketQueue.c */; };
		7BE22D391D7096A00007B9EF /* CoreAudio.framework in Frameworks */ = {isa = PBXBuildFile; fileRef = 7BE22D381D7096A00007B9EF /* CoreAudio.framework */; };
		7BE22D3B1D7096C10007B9EF /* AudioToolbox.framework in Frameworks */ = {isa = PBXBuildFile; fileRef = 7BE22D3A1D7096C10007B9EF /* AudioToolbox.framework */; };
		7BE22D441D72CA0B0007B9EF /* pthreadTest.c in Sources */ = {isa = PBXBuildFile; fileRef = 7BE22D421D72CA0B0007B9EF /* pthreadTest.c */; };
		7BE22DE01D733AD40007B9EF /* libfdk-aac.a in Frameworks */ = {isa = PBXBuildFile; fileRef = 7BE22D4F1D733AD30007B9EF /* libfdk-aac.a */; };
		7BE22DE71D733AD40007B9EF /* fdk-aac.pc in Resources */ = {isa = PBXBuildFile; fileRef = 7BE22D571D733AD40007B9EF /* fdk-aac.pc */; };
		7BE22DF01D733AD40007B9EF /* libx264.a in Frameworks */ = {isa = PBXBuildFile; fileRef = 7BE22DDF1D733AD40007B9EF /* libx264.a */; };
/* End PBXBuildFile section */

/* Begin PBXContainerItemProxy section */
		7B46312718D1F09D009C5B3A /* PBXContainerItemProxy */ = {
			isa = PBXContainerItemProxy;
			containerPortal = 7B4630F918D1F09D009C5B3A /* Project object */;
			proxyType = 1;
			remoteGlobalIDString = 7B46310018D1F09D009C5B3A;
			remoteInfo = testFFmpeg;
		};
/* End PBXContainerItemProxy section */

/* Begin PBXFileReference section */
		2A1E62C71ED4276E00BFC0AD /* zz_controller.c */ = {isa = PBXFileReference; fileEncoding = 4; lastKnownFileType = sourcecode.c.c; path = zz_controller.c; sourceTree = "<group>"; };
		2A1E62C81ED4276E00BFC0AD /* zz_controller.h */ = {isa = PBXFileReference; fileEncoding = 4; lastKnownFileType = sourcecode.c.h; path = zz_controller.h; sourceTree = "<group>"; };
		2A1E62CA1ED4284400BFC0AD /* zz_decoder.c */ = {isa = PBXFileReference; fileEncoding = 4; lastKnownFileType = sourcecode.c.c; path = zz_decoder.c; sourceTree = "<group>"; };
		2A1E62CB1ED4284400BFC0AD /* zz_decoder.h */ = {isa = PBXFileReference; fileEncoding = 4; lastKnownFileType = sourcecode.c.h; path = zz_decoder.h; sourceTree = "<group>"; };
		2A1E62CD1ED43B8B00BFC0AD /* zz_buffer.c */ = {isa = PBXFileReference; fileEncoding = 4; lastKnownFileType = sourcecode.c.c; path = zz_buffer.c; sourceTree = "<group>"; };
		2A1E62CE1ED43B8B00BFC0AD /* zz_buffer.h */ = {isa = PBXFileReference; fileEncoding = 4; lastKnownFileType = sourcecode.c.h; path = zz_buffer.h; sourceTree = "<group>"; };
		2A1E62D01ED457B900BFC0AD /* zz_queue.c */ = {isa = PBXFileReference; fileEncoding = 4; lastKnownFileType = sourcecode.c.c; path = zz_queue.c; sourceTree = "<group>"; };
		2A1E62D11ED457B900BFC0AD /* zz_queue.h */ = {isa = PBXFileReference; fileEncoding = 4; lastKnownFileType = sourcecode.c.h; path = zz_queue.h; sourceTree = "<group>"; };
		2A1E62D31ED5B02000BFC0AD /* zz_define.h */ = {isa = PBXFileReference; fileEncoding = 4; lastKnownFileType = sourcecode.c.h; path = zz_define.h; sourceTree = "<group>"; };
		2A1E62D71ED83ECF00BFC0AD /* avcodec.h */ = {isa = PBXFileReference; fileEncoding = 4; lastKnownFileType = sourcecode.c.h; path = avcodec.h; sourceTree = "<group>"; };
		2A1E62D81ED83ECF00BFC0AD /* avdct.h */ = {isa = PBXFileReference; fileEncoding = 4; lastKnownFileType = sourcecode.c.h; path = avdct.h; sourceTree = "<group>"; };
		2A1E62D91ED83ECF00BFC0AD /* avfft.h */ = {isa = PBXFileReference; fileEncoding = 4; lastKnownFileType = sourcecode.c.h; path = avfft.h; sourceTree = "<group>"; };
		2A1E62DA1ED83ECF00BFC0AD /* d3d11va.h */ = {isa = PBXFileReference; fileEncoding = 4; lastKnownFileType = sourcecode.c.h; path = d3d11va.h; sourceTree = "<group>"; };
		2A1E62DB1ED83ECF00BFC0AD /* dirac.h */ = {isa = PBXFileReference; fileEncoding = 4; lastKnownFileType = sourcecode.c.h; path = dirac.h; sourceTree = "<group>"; };
		2A1E62DC1ED83ECF00BFC0AD /* dv_profile.h */ = {isa = PBXFileReference; fileEncoding = 4; lastKnownFileType = sourcecode.c.h; path = dv_profile.h; sourceTree = "<group>"; };
		2A1E62DD1ED83ECF00BFC0AD /* dxva2.h */ = {isa = PBXFileReference; fileEncoding = 4; lastKnownFileType = sourcecode.c.h; path = dxva2.h; sourceTree = "<group>"; };
		2A1E62DE1ED83ECF00BFC0AD /* jni.h */ = {isa = PBXFileReference; fileEncoding = 4; lastKnownFileType = sourcecode.c.h; path = jni.h; sourceTree = "<group>"; };
		2A1E62DF1ED83ECF00BFC0AD /* old_codec_ids.h */ = {isa = PBXFileReference; fileEncoding = 4; lastKnownFileType = sourcecode.c.h; path = old_codec_ids.h; sourceTree = "<group>"; };
		2A1E62E01ED83ECF00BFC0AD /* qsv.h */ = {isa = PBXFileReference; fileEncoding = 4; lastKnownFileType = sourcecode.c.h; path = qsv.h; sourceTree = "<group>"; };
		2A1E62E11ED83ECF00BFC0AD /* vaapi.h */ = {isa = PBXFileReference; fileEncoding = 4; lastKnownFileType = sourcecode.c.h; path = vaapi.h; sourceTree = "<group>"; };
		2A1E62E21ED83ECF00BFC0AD /* vda.h */ = {isa = PBXFileReference; fileEncoding = 4; lastKnownFileType = sourcecode.c.h; path = vda.h; sourceTree = "<group>"; };
		2A1E62E31ED83ECF00BFC0AD /* vdpau.h */ = {isa = PBXFileReference; fileEncoding = 4; lastKnownFileType = sourcecode.c.h; path = vdpau.h; sourceTree = "<group>"; };
		2A1E62E41ED83ECF00BFC0AD /* version.h */ = {isa = PBXFileReference; fileEncoding = 4; lastKnownFileType = sourcecode.c.h; path = version.h; sourceTree = "<group>"; };
		2A1E62E51ED83ECF00BFC0AD /* videotoolbox.h */ = {isa = PBXFileReference; fileEncoding = 4; lastKnownFileType = sourcecode.c.h; path = videotoolbox.h; sourceTree = "<group>"; };
		2A1E62E61ED83ECF00BFC0AD /* vorbis_parser.h */ = {isa = PBXFileReference; fileEncoding = 4; lastKnownFileType = sourcecode.c.h; path = vorbis_parser.h; sourceTree = "<group>"; };
		2A1E62E71ED83ECF00BFC0AD /* xvmc.h */ = {isa = PBXFileReference; fileEncoding = 4; lastKnownFileType = sourcecode.c.h; path = xvmc.h; sourceTree = "<group>"; };
		2A1E62E91ED83ECF00BFC0AD /* avdevice.h */ = {isa = PBXFileReference; fileEncoding = 4; lastKnownFileType = sourcecode.c.h; path = avdevice.h; sourceTree = "<group>"; };
		2A1E62EA1ED83ECF00BFC0AD /* version.h */ = {isa = PBXFileReference; fileEncoding = 4; lastKnownFileType = sourcecode.c.h; path = version.h; sourceTree = "<group>"; };
		2A1E62EC1ED83ECF00BFC0AD /* asrc_abuffer.h */ = {isa = PBXFileReference; fileEncoding = 4; lastKnownFileType = sourcecode.c.h; path = asrc_abuffer.h; sourceTree = "<group>"; };
		2A1E62ED1ED83ECF00BFC0AD /* avcodec.h */ = {isa = PBXFileReference; fileEncoding = 4; lastKnownFileType = sourcecode.c.h; path = avcodec.h; sourceTree = "<group>"; };
		2A1E62EE1ED83ECF00BFC0AD /* avfilter.h */ = {isa = PBXFileReference; fileEncoding = 4; lastKnownFileType = sourcecode.c.h; path = avfilter.h; sourceTree = "<group>"; };
		2A1E62EF1ED83ECF00BFC0AD /* avfiltergraph.h */ = {isa = PBXFileReference; fileEncoding = 4; lastKnownFileType = sourcecode.c.h; path = avfiltergraph.h; sourceTree = "<group>"; };
		2A1E62F01ED83ECF00BFC0AD /* buffersink.h */ = {isa = PBXFileReference; fileEncoding = 4; lastKnownFileType = sourcecode.c.h; path = buffersink.h; sourceTree = "<group>"; };
		2A1E62F11ED83ECF00BFC0AD /* buffersrc.h */ = {isa = PBXFileReference; fileEncoding = 4; lastKnownFileType = sourcecode.c.h; path = buffersrc.h; sourceTree = "<group>"; };
		2A1E62F21ED83ECF00BFC0AD /* version.h */ = {isa = PBXFileReference; fileEncoding = 4; lastKnownFileType = sourcecode.c.h; path = version.h; sourceTree = "<group>"; };
		2A1E62F41ED83ECF00BFC0AD /* avformat.h */ = {isa = PBXFileReference; fileEncoding = 4; lastKnownFileType = sourcecode.c.h; path = avformat.h; sourceTree = "<group>"; };
		2A1E62F51ED83ECF00BFC0AD /* avio.h */ = {isa = PBXFileReference; fileEncoding = 4; lastKnownFileType = sourcecode.c.h; path = avio.h; sourceTree = "<group>"; };
		2A1E62F61ED83ECF00BFC0AD /* version.h */ = {isa = PBXFileReference; fileEncoding = 4; lastKnownFileType = sourcecode.c.h; path = version.h; sourceTree = "<group>"; };
		2A1E62F81ED83ECF00BFC0AD /* adler32.h */ = {isa = PBXFileReference; fileEncoding = 4; lastKnownFileType = sourcecode.c.h; path = adler32.h; sourceTree = "<group>"; };
		2A1E62F91ED83ECF00BFC0AD /* aes.h */ = {isa = PBXFileReference; fileEncoding = 4; lastKnownFileType = sourcecode.c.h; path = aes.h; sourceTree = "<group>"; };
		2A1E62FA1ED83ECF00BFC0AD /* aes_ctr.h */ = {isa = PBXFileReference; fileEncoding = 4; lastKnownFileType = sourcecode.c.h; path = aes_ctr.h; sourceTree = "<group>"; };
		2A1E62FB1ED83ECF00BFC0AD /* attributes.h */ = {isa = PBXFileReference; fileEncoding = 4; lastKnownFileType = sourcecode.c.h; path = attributes.h; sourceTree = "<group>"; };
		2A1E62FC1ED83ECF00BFC0AD /* audio_fifo.h */ = {isa = PBXFileReference; fileEncoding = 4; lastKnownFileType = sourcecode.c.h; path = audio_fifo.h; sourceTree = "<group>"; };
		2A1E62FD1ED83ECF00BFC0AD /* audioconvert.h */ = {isa = PBXFileReference; fileEncoding = 4; lastKnownFileType = sourcecode.c.h; path = audioconvert.h; sourceTree = "<group>"; };
		2A1E62FE1ED83ECF00BFC0AD /* avassert.h */ = {isa = PBXFileReference; fileEncoding = 4; lastKnownFileType = sourcecode.c.h; path = avassert.h; sourceTree = "<group>"; };
		2A1E62FF1ED83ECF00BFC0AD /* avconfig.h */ = {isa = PBXFileReference; fileEncoding = 4; lastKnownFileType = sourcecode.c.h; path = avconfig.h; sourceTree = "<group>"; };
		2A1E63001ED83ECF00BFC0AD /* avstring.h */ = {isa = PBXFileReference; fileEncoding = 4; lastKnownFileType = sourcecode.c.h; path = avstring.h; sourceTree = "<group>"; };
		2A1E63011ED83ECF00BFC0AD /* avutil.h */ = {isa = PBXFileReference; fileEncoding = 4; lastKnownFileType = sourcecode.c.h; path = avutil.h; sourceTree = "<group>"; };
		2A1E63021ED83ECF00BFC0AD /* base64.h */ = {isa = PBXFileReference; fileEncoding = 4; lastKnownFileType = sourcecode.c.h; path = base64.h; sourceTree = "<group>"; };
		2A1E63031ED83ECF00BFC0AD /* blowfish.h */ = {isa = PBXFileReference; fileEncoding = 4; lastKnownFileType = sourcecode.c.h; path = blowfish.h; sourceTree = "<group>"; };
		2A1E63041ED83ECF00BFC0AD /* bprint.h */ = {isa = PBXFileReference; fileEncoding = 4; lastKnownFileType = sourcecode.c.h; path = bprint.h; sourceTree = "<group>"; };
		2A1E63051ED83ECF00BFC0AD /* bswap.h */ = {isa = PBXFileReference; fileEncoding = 4; lastKnownFileType = sourcecode.c.h; path = bswap.h; sourceTree = "<group>"; };
		2A1E63061ED83ECF00BFC0AD /* buffer.h */ = {isa = PBXFileReference; fileEncoding = 4; lastKnownFileType = sourcecode.c.h; path = buffer.h; sourceTree = "<group>"; };
		2A1E63071ED83ECF00BFC0AD /* camellia.h */ = {isa = PBXFileReference; fileEncoding = 4; lastKnownFileType = sourcecode.c.h; path = camellia.h; sourceTree = "<group>"; };
		2A1E63081ED83ECF00BFC0AD /* cast5.h */ = {isa = PBXFileReference; fileEncoding = 4; lastKnownFileType = sourcecode.c.h; path = cast5.h; sourceTree = "<group>"; };
		2A1E63091ED83ECF00BFC0AD /* channel_layout.h */ = {isa = PBXFileReference; fileEncoding = 4; lastKnownFileType = sourcecode.c.h; path = channel_layout.h; sourceTree = "<group>"; };
		2A1E630A1ED83ECF00BFC0AD /* common.h */ = {isa = PBXFileReference; fileEncoding = 4; lastKnownFileType = sourcecode.c.h; path = common.h; sourceTree = "<group>"; };
		2A1E630B1ED83ECF00BFC0AD /* cpu.h */ = {isa = PBXFileReference; fileEncoding = 4; lastKnownFileType = sourcecode.c.h; path = cpu.h; sourceTree = "<group>"; };
		2A1E630C1ED83ECF00BFC0AD /* crc.h */ = {isa = PBXFileReference; fileEncoding = 4; lastKnownFileType = sourcecode.c.h; path = crc.h; sourceTree = "<group>"; };
		2A1E630D1ED83ECF00BFC0AD /* des.h */ = {isa = PBXFileReference; fileEncoding = 4; lastKnownFileType = sourcecode.c.h; path = des.h; sourceTree = "<group>"; };
		2A1E630E1ED83ECF00BFC0AD /* dict.h */ = {isa = PBXFileReference; fileEncoding = 4; lastKnownFileType = sourcecode.c.h; path = dict.h; sourceTree = "<group>"; };
		2A1E630F1ED83ECF00BFC0AD /* display.h */ = {isa = PBXFileReference; fileEncoding = 4; lastKnownFileType = sourcecode.c.h; path = display.h; sourceTree = "<group>"; };
		2A1E63101ED83ECF00BFC0AD /* downmix_info.h */ = {isa = PBXFileReference; fileEncoding = 4; lastKnownFileType = sourcecode.c.h; path = downmix_info.h; sourceTree = "<group>"; };
		2A1E63111ED83ECF00BFC0AD /* error.h */ = {isa = PBXFileReference; fileEncoding = 4; lastKnownFileType = sourcecode.c.h; path = error.h; sourceTree = "<group>"; };
		2A1E63121ED83ECF00BFC0AD /* eval.h */ = {isa = PBXFileReference; fileEncoding = 4; lastKnownFileType = sourcecode.c.h; path = eval.h; sourceTree = "<group>"; };
		2A1E63131ED83ECF00BFC0AD /* ffversion.h */ = {isa = PBXFileReference; fileEncoding = 4; lastKnownFileType = sourcecode.c.h; path = ffversion.h; sourceTree = "<group>"; };
		2A1E63141ED83ECF00BFC0AD /* fifo.h */ = {isa = PBXFileReference; fileEncoding = 4; lastKnownFileType = sourcecode.c.h; path = fifo.h; sourceTree = "<group>"; };
		2A1E63151ED83ECF00BFC0AD /* file.h */ = {isa = PBXFileReference; fileEncoding = 4; lastKnownFileType = sourcecode.c.h; path = file.h; sourceTree = "<group>"; };
		2A1E63161ED83ECF00BFC0AD /* frame.h */ = {isa = PBXFileReference; fileEncoding = 4; lastKnownFileType = sourcecode.c.h; path = frame.h; sourceTree = "<group>"; };
		2A1E63171ED83ECF00BFC0AD /* hash.h */ = {isa = PBXFileReference; fileEncoding = 4; lastKnownFileType = sourcecode.c.h; path = hash.h; sourceTree = "<group>"; };
		2A1E63181ED83ECF00BFC0AD /* hmac.h */ = {isa = PBXFileReference; fileEncoding = 4; lastKnownFileType = sourcecode.c.h; path = hmac.h; sourceTree = "<group>"; };
		2A1E63191ED83ECF00BFC0AD /* hwcontext.h */ = {isa = PBXFileReference; fileEncoding = 4; lastKnownFileType = sourcecode.c.h; path = hwcontext.h; sourceTree = "<group>"; };
		2A1E631A1ED83ECF00BFC0AD /* hwcontext_cuda.h */ = {isa = PBXFileReference; fileEncoding = 4; lastKnownFileType = sourcecode.c.h; path = hwcontext_cuda.h; sourceTree = "<group>"; };
		2A1E631B1ED83ECF00BFC0AD /* hwcontext_dxva2.h */ = {isa = PBXFileReference; fileEncoding = 4; lastKnownFileType = sourcecode.c.h; path = hwcontext_dxva2.h; sourceTree = "<group>"; };
		2A1E631C1ED83ECF00BFC0AD /* hwcontext_vaapi.h */ = {isa = PBXFileReference; fileEncoding = 4; lastKnownFileType = sourcecode.c.h; path = hwcontext_vaapi.h; sourceTree = "<group>"; };
		2A1E631D1ED83ECF00BFC0AD /* hwcontext_vdpau.h */ = {isa = PBXFileReference; fileEncoding = 4; lastKnownFileType = sourcecode.c.h; path = hwcontext_vdpau.h; sourceTree = "<group>"; };
		2A1E631E1ED83ECF00BFC0AD /* imgutils.h */ = {isa = PBXFileReference; fileEncoding = 4; lastKnownFileType = sourcecode.c.h; path = imgutils.h; sourceTree = "<group>"; };
		2A1E631F1ED83ECF00BFC0AD /* intfloat.h */ = {isa = PBXFileReference; fileEncoding = 4; lastKnownFileType = sourcecode.c.h; path = intfloat.h; sourceTree = "<group>"; };
		2A1E63201ED83ECF00BFC0AD /* intfloat_readwrite.h */ = {isa = PBXFileReference; fileEncoding = 4; lastKnownFileType = sourcecode.c.h; path = intfloat_readwrite.h; sourceTree = "<group>"; };
		2A1E63211ED83ECF00BFC0AD /* intreadwrite.h */ = {isa = PBXFileReference; fileEncoding = 4; lastKnownFileType = sourcecode.c.h; path = intreadwrite.h; sourceTree = "<group>"; };
		2A1E63221ED83ECF00BFC0AD /* lfg.h */ = {isa = PBXFileReference; fileEncoding = 4; lastKnownFileType = sourcecode.c.h; path = lfg.h; sourceTree = "<group>"; };
		2A1E63231ED83ECF00BFC0AD /* log.h */ = {isa = PBXFileReference; fileEncoding = 4; lastKnownFileType = sourcecode.c.h; path = log.h; sourceTree = "<group>"; };
		2A1E63241ED83ECF00BFC0AD /* lzo.h */ = {isa = PBXFileReference; fileEncoding = 4; lastKnownFileType = sourcecode.c.h; path = lzo.h; sourceTree = "<group>"; };
		2A1E63251ED83ECF00BFC0AD /* macros.h */ = {isa = PBXFileReference; fileEncoding = 4; lastKnownFileType = sourcecode.c.h; path = macros.h; sourceTree = "<group>"; };
		2A1E63261ED83ECF00BFC0AD /* mastering_display_metadata.h */ = {isa = PBXFileReference; fileEncoding = 4; lastKnownFileType = sourcecode.c.h; path = mastering_display_metadata.h; sourceTree = "<group>"; };
		2A1E63271ED83ECF00BFC0AD /* mathematics.h */ = {isa = PBXFileReference; fileEncoding = 4; lastKnownFileType = sourcecode.c.h; path = mathematics.h; sourceTree = "<group>"; };
		2A1E63281ED83ECF00BFC0AD /* md5.h */ = {isa = PBXFileReference; fileEncoding = 4; lastKnownFileType = sourcecode.c.h; path = md5.h; sourceTree = "<group>"; };
		2A1E63291ED83ECF00BFC0AD /* mem.h */ = {isa = PBXFileReference; fileEncoding = 4; lastKnownFileType = sourcecode.c.h; path = mem.h; sourceTree = "<group>"; };
		2A1E632A1ED83ECF00BFC0AD /* motion_vector.h */ = {isa = PBXFileReference; fileEncoding = 4; lastKnownFileType = sourcecode.c.h; path = motion_vector.h; sourceTree = "<group>"; };
		2A1E632B1ED83ECF00BFC0AD /* murmur3.h */ = {isa = PBXFileReference; fileEncoding = 4; lastKnownFileType = sourcecode.c.h; path = murmur3.h; sourceTree = "<group>"; };
		2A1E632C1ED83ECF00BFC0AD /* old_pix_fmts.h */ = {isa = PBXFileReference; fileEncoding = 4; lastKnownFileType = sourcecode.c.h; path = old_pix_fmts.h; sourceTree = "<group>"; };
		2A1E632D1ED83ECF00BFC0AD /* opt.h */ = {isa = PBXFileReference; fileEncoding = 4; lastKnownFileType = sourcecode.c.h; path = opt.h; sourceTree = "<group>"; };
		2A1E632E1ED83ECF00BFC0AD /* parseutils.h */ = {isa = PBXFileReference; fileEncoding = 4; lastKnownFileType = sourcecode.c.h; path = parseutils.h; sourceTree = "<group>"; };
		2A1E632F1ED83ECF00BFC0AD /* pixdesc.h */ = {isa = PBXFileReference; fileEncoding = 4; lastKnownFileType = sourcecode.c.h; path = pixdesc.h; sourceTree = "<group>"; };
		2A1E63301ED83ECF00BFC0AD /* pixelutils.h */ = {isa = PBXFileReference; fileEncoding = 4; lastKnownFileType = sourcecode.c.h; path = pixelutils.h; sourceTree = "<group>"; };
		2A1E63311ED83ECF00BFC0AD /* pixfmt.h */ = {isa = PBXFileReference; fileEncoding = 4; lastKnownFileType = sourcecode.c.h; path = pixfmt.h; sourceTree = "<group>"; };
		2A1E63321ED83ECF00BFC0AD /* random_seed.h */ = {isa = PBXFileReference; fileEncoding = 4; lastKnownFileType = sourcecode.c.h; path = random_seed.h; sourceTree = "<group>"; };
		2A1E63331ED83ECF00BFC0AD /* rational.h */ = {isa = PBXFileReference; fileEncoding = 4; lastKnownFileType = sourcecode.c.h; path = rational.h; sourceTree = "<group>"; };
		2A1E63341ED83ECF00BFC0AD /* rc4.h */ = {isa = PBXFileReference; fileEncoding = 4; lastKnownFileType = sourcecode.c.h; path = rc4.h; sourceTree = "<group>"; };
		2A1E63351ED83ECF00BFC0AD /* replaygain.h */ = {isa = PBXFileReference; fileEncoding = 4; lastKnownFileType = sourcecode.c.h; path = replaygain.h; sourceTree = "<group>"; };
		2A1E63361ED83ECF00BFC0AD /* ripemd.h */ = {isa = PBXFileReference; fileEncoding = 4; lastKnownFileType = sourcecode.c.h; path = ripemd.h; sourceTree = "<group>"; };
		2A1E63371ED83ECF00BFC0AD /* samplefmt.h */ = {isa = PBXFileReference; fileEncoding = 4; lastKnownFileType = sourcecode.c.h; path = samplefmt.h; sourceTree = "<group>"; };
		2A1E63381ED83ECF00BFC0AD /* sha.h */ = {isa = PBXFileReference; fileEncoding = 4; lastKnownFileType = sourcecode.c.h; path = sha.h; sourceTree = "<group>"; };
		2A1E63391ED83ECF00BFC0AD /* sha512.h */ = {isa = PBXFileReference; fileEncoding = 4; lastKnownFileType = sourcecode.c.h; path = sha512.h; sourceTree = "<group>"; };
		2A1E633A1ED83ECF00BFC0AD /* stereo3d.h */ = {isa = PBXFileReference; fileEncoding = 4; lastKnownFileType = sourcecode.c.h; path = stereo3d.h; sourceTree = "<group>"; };
		2A1E633B1ED83ECF00BFC0AD /* tea.h */ = {isa = PBXFileReference; fileEncoding = 4; lastKnownFileType = sourcecode.c.h; path = tea.h; sourceTree = "<group>"; };
		2A1E633C1ED83ECF00BFC0AD /* threadmessage.h */ = {isa = PBXFileReference; fileEncoding = 4; lastKnownFileType = sourcecode.c.h; path = threadmessage.h; sourceTree = "<group>"; };
		2A1E633D1ED83ECF00BFC0AD /* time.h */ = {isa = PBXFileReference; fileEncoding = 4; lastKnownFileType = sourcecode.c.h; path = time.h; sourceTree = "<group>"; };
		2A1E633E1ED83ECF00BFC0AD /* timecode.h */ = {isa = PBXFileReference; fileEncoding = 4; lastKnownFileType = sourcecode.c.h; path = timecode.h; sourceTree = "<group>"; };
		2A1E633F1ED83ECF00BFC0AD /* timestamp.h */ = {isa = PBXFileReference; fileEncoding = 4; lastKnownFileType = sourcecode.c.h; path = timestamp.h; sourceTree = "<group>"; };
		2A1E63401ED83ECF00BFC0AD /* tree.h */ = {isa = PBXFileReference; fileEncoding = 4; lastKnownFileType = sourcecode.c.h; path = tree.h; sourceTree = "<group>"; };
		2A1E63411ED83ECF00BFC0AD /* twofish.h */ = {isa = PBXFileReference; fileEncoding = 4; lastKnownFileType = sourcecode.c.h; path = twofish.h; sourceTree = "<group>"; };
		2A1E63421ED83ECF00BFC0AD /* version.h */ = {isa = PBXFileReference; fileEncoding = 4; lastKnownFileType = sourcecode.c.h; path = version.h; sourceTree = "<group>"; };
		2A1E63431ED83ECF00BFC0AD /* xtea.h */ = {isa = PBXFileReference; fileEncoding = 4; lastKnownFileType = sourcecode.c.h; path = xtea.h; sourceTree = "<group>"; };
		2A1E63451ED83ECF00BFC0AD /* postprocess.h */ = {isa = PBXFileReference; fileEncoding = 4; lastKnownFileType = sourcecode.c.h; path = postprocess.h; sourceTree = "<group>"; };
		2A1E63461ED83ECF00BFC0AD /* version.h */ = {isa = PBXFileReference; fileEncoding = 4; lastKnownFileType = sourcecode.c.h; path = version.h; sourceTree = "<group>"; };
		2A1E63481ED83ECF00BFC0AD /* swresample.h */ = {isa = PBXFileReference; fileEncoding = 4; lastKnownFileType = sourcecode.c.h; path = swresample.h; sourceTree = "<group>"; };
		2A1E63491ED83ECF00BFC0AD /* version.h */ = {isa = PBXFileReference; fileEncoding = 4; lastKnownFileType = sourcecode.c.h; path = version.h; sourceTree = "<group>"; };
		2A1E634B1ED83ECF00BFC0AD /* swscale.h */ = {isa = PBXFileReference; fileEncoding = 4; lastKnownFileType = sourcecode.c.h; path = swscale.h; sourceTree = "<group>"; };
		2A1E634C1ED83ECF00BFC0AD /* version.h */ = {isa = PBXFileReference; fileEncoding = 4; lastKnownFileType = sourcecode.c.h; path = version.h; sourceTree = "<group>"; };
		2A1E634E1ED83ECF00BFC0AD /* libavcodec.a */ = {isa = PBXFileReference; lastKnownFileType = archive.ar; path = libavcodec.a; sourceTree = "<group>"; };
		2A1E634F1ED83ECF00BFC0AD /* libavdevice.a */ = {isa = PBXFileReference; lastKnownFileType = archive.ar; path = libavdevice.a; sourceTree = "<group>"; };
		2A1E63501ED83ECF00BFC0AD /* libavfilter.a */ = {isa = PBXFileReference; lastKnownFileType = archive.ar; path = libavfilter.a; sourceTree = "<group>"; };
		2A1E63511ED83ECF00BFC0AD /* libavformat.a */ = {isa = PBXFileReference; lastKnownFileType = archive.ar; path = libavformat.a; sourceTree = "<group>"; };
		2A1E63521ED83ECF00BFC0AD /* libavutil.a */ = {isa = PBXFileReference; lastKnownFileType = archive.ar; path = libavutil.a; sourceTree = "<group>"; };
		2A1E63531ED83ECF00BFC0AD /* libpostproc.a */ = {isa = PBXFileReference; lastKnownFileType = archive.ar; path = libpostproc.a; sourceTree = "<group>"; };
		2A1E63541ED83ECF00BFC0AD /* libswresample.a */ = {isa = PBXFileReference; lastKnownFileType = archive.ar; path = libswresample.a; sourceTree = "<group>"; };
		2A1E63551ED83ECF00BFC0AD /* libswscale.a */ = {isa = PBXFileReference; lastKnownFileType = archive.ar; path = libswscale.a; sourceTree = "<group>"; };
		2A1E635E1ED8402000BFC0AD /* VideoToolbox.framework */ = {isa = PBXFileReference; lastKnownFileType = wrapper.framework; name = VideoToolbox.framework; path = System/Library/Frameworks/VideoToolbox.framework; sourceTree = SDKROOT; };
		2A1E63601ED8403100BFC0AD /* AVFoundation.framework */ = {isa = PBXFileReference; lastKnownFileType = wrapper.framework; name = AVFoundation.framework; path = System/Library/Frameworks/AVFoundation.framework; sourceTree = SDKROOT; };
		7B074A441D7720A0006A7CF7 /* ZZAudioPlayer.h */ = {isa = PBXFileReference; fileEncoding = 4; lastKnownFileType = sourcecode.c.h; path = ZZAudioPlayer.h; sourceTree = "<group>"; };
		7B074A451D7720A0006A7CF7 /* ZZAudioPlayer.m */ = {isa = PBXFileReference; fileEncoding = 4; lastKnownFileType = sourcecode.c.objc; path = ZZAudioPlayer.m; sourceTree = "<group>"; };
		7B074A471D7720A0006A7CF7 /* ZZVideoPlayerView.h */ = {isa = PBXFileReference; fileEncoding = 4; lastKnownFileType = sourcecode.c.h; path = ZZVideoPlayerView.h; sourceTree = "<group>"; };
		7B074A481D7720A0006A7CF7 /* ZZVideoPlayerView.m */ = {isa = PBXFileReference; fileEncoding = 4; lastKnownFileType = sourcecode.c.objc; path = ZZVideoPlayerView.m; sourceTree = "<group>"; };
		7B074A4E1D7722D9006A7CF7 /* ZZFFmpegPlayer.h */ = {isa = PBXFileReference; fileEncoding = 4; lastKnownFileType = sourcecode.c.h; path = ZZFFmpegPlayer.h; sourceTree = "<group>"; };
		7B074A4F1D7722D9006A7CF7 /* ZZFFmpegPlayer.m */ = {isa = PBXFileReference; fileEncoding = 4; lastKnownFileType = sourcecode.c.objc; path = ZZFFmpegPlayer.m; sourceTree = "<group>"; };
		7B074A511D78851A006A7CF7 /* OpenGLES.framework */ = {isa = PBXFileReference; lastKnownFileType = wrapper.framework; name = OpenGLES.framework; path = System/Library/Frameworks/OpenGLES.framework; sourceTree = SDKROOT; };
		7B074A531D788525006A7CF7 /* GLKit.framework */ = {isa = PBXFileReference; lastKnownFileType = wrapper.framework; name = GLKit.framework; path = System/Library/Frameworks/GLKit.framework; sourceTree = SDKROOT; };
		7B074A551D78853D006A7CF7 /* QuartzCore.framework */ = {isa = PBXFileReference; lastKnownFileType = wrapper.framework; name = QuartzCore.framework; path = System/Library/Frameworks/QuartzCore.framework; sourceTree = SDKROOT; };
		7B224E971D6F489C00DD0BDD /* libiconv.tbd */ = {isa = PBXFileReference; lastKnownFileType = "sourcecode.text-based-dylib-definition"; name = libiconv.tbd; path = usr/lib/libiconv.tbd; sourceTree = SDKROOT; };
		7B224E991D6F48AA00DD0BDD /* libz.tbd */ = {isa = PBXFileReference; lastKnownFileType = "sourcecode.text-based-dylib-definition"; name = libz.tbd; path = usr/lib/libz.tbd; sourceTree = SDKROOT; };
		7B224E9B1D6F48B100DD0BDD /* libbz2.tbd */ = {isa = PBXFileReference; lastKnownFileType = "sourcecode.text-based-dylib-definition"; name = libbz2.tbd; path = usr/lib/libbz2.tbd; sourceTree = SDKROOT; };
		7B224E9D1D6F498E00DD0BDD /* ffmpegDecoder.c */ = {isa = PBXFileReference; fileEncoding = 4; lastKnownFileType = sourcecode.c.c; path = ffmpegDecoder.c; sourceTree = "<group>"; };
		7B224E9E1D6F498F00DD0BDD /* ffmpegDecoder.h */ = {isa = PBXFileReference; fileEncoding = 4; lastKnownFileType = sourcecode.c.h; path = ffmpegDecoder.h; sourceTree = "<group>"; };
		7B46310118D1F09D009C5B3A /* testFFmpeg.app */ = {isa = PBXFileReference; explicitFileType = wrapper.application; includeInIndex = 0; path = testFFmpeg.app; sourceTree = BUILT_PRODUCTS_DIR; };
		7B46310418D1F09D009C5B3A /* Foundation.framework */ = {isa = PBXFileReference; lastKnownFileType = wrapper.framework; name = Foundation.framework; path = System/Library/Frameworks/Foundation.framework; sourceTree = SDKROOT; };
		7B46310618D1F09D009C5B3A /* CoreGraphics.framework */ = {isa = PBXFileReference; lastKnownFileType = wrapper.framework; name = CoreGraphics.framework; path = System/Library/Frameworks/CoreGraphics.framework; sourceTree = SDKROOT; };
		7B46310818D1F09D009C5B3A /* UIKit.framework */ = {isa = PBXFileReference; lastKnownFileType = wrapper.framework; name = UIKit.framework; path = System/Library/Frameworks/UIKit.framework; sourceTree = SDKROOT; };
		7B46310C18D1F09D009C5B3A /* testFFmpeg-Info.plist */ = {isa = PBXFileReference; lastKnownFileType = text.plist.xml; path = "testFFmpeg-Info.plist"; sourceTree = "<group>"; };
		7B46310E18D1F09D009C5B3A /* en */ = {isa = PBXFileReference; lastKnownFileType = text.plist.strings; name = en; path = en.lproj/InfoPlist.strings; sourceTree = "<group>"; };
		7B46311018D1F09D009C5B3A /* main.m */ = {isa = PBXFileReference; lastKnownFileType = sourcecode.c.objc; path = main.m; sourceTree = "<group>"; };
		7B46311218D1F09D009C5B3A /* testFFmpeg-Prefix.pch */ = {isa = PBXFileReference; lastKnownFileType = sourcecode.c.h; path = "testFFmpeg-Prefix.pch"; sourceTree = "<group>"; };
		7B46311318D1F09D009C5B3A /* AppDelegate.h */ = {isa = PBXFileReference; lastKnownFileType = sourcecode.c.h; path = AppDelegate.h; sourceTree = "<group>"; };
		7B46311418D1F09D009C5B3A /* AppDelegate.m */ = {isa = PBXFileReference; lastKnownFileType = sourcecode.c.objc; path = AppDelegate.m; sourceTree = "<group>"; };
		7B46311918D1F09D009C5B3A /* ViewController.h */ = {isa = PBXFileReference; lastKnownFileType = sourcecode.c.h; path = ViewController.h; sourceTree = "<group>"; };
		7B46311A18D1F09D009C5B3A /* ViewController.m */ = {isa = PBXFileReference; lastKnownFileType = sourcecode.c.objc; path = ViewController.m; sourceTree = "<group>"; };
		7B46311C18D1F09D009C5B3A /* Images.xcassets */ = {isa = PBXFileReference; lastKnownFileType = folder.assetcatalog; path = Images.xcassets; sourceTree = "<group>"; };
		7B46312218D1F09D009C5B3A /* testFFmpegTests.xctest */ = {isa = PBXFileReference; explicitFileType = wrapper.cfbundle; includeInIndex = 0; path = testFFmpegTests.xctest; sourceTree = BUILT_PRODUCTS_DIR; };
		7B46312318D1F09D009C5B3A /* XCTest.framework */ = {isa = PBXFileReference; lastKnownFileType = wrapper.framework; name = XCTest.framework; path = Library/Frameworks/XCTest.framework; sourceTree = DEVELOPER_DIR; };
		7B46312B18D1F09D009C5B3A /* testFFmpegTests-Info.plist */ = {isa = PBXFileReference; lastKnownFileType = text.plist.xml; path = "testFFmpegTests-Info.plist"; sourceTree = "<group>"; };
		7B46312D18D1F09D009C5B3A /* en */ = {isa = PBXFileReference; lastKnownFileType = text.plist.strings; name = en; path = en.lproj/InfoPlist.strings; sourceTree = "<group>"; };
		7B46312F18D1F09D009C5B3A /* testFFmpegTests.m */ = {isa = PBXFileReference; lastKnownFileType = sourcecode.c.objc; path = testFFmpegTests.m; sourceTree = "<group>"; };
		7B4631A218D1F527009C5B3A /* libbz2.1.0.dylib */ = {isa = PBXFileReference; lastKnownFileType = "compiled.mach-o.dylib"; name = libbz2.1.0.dylib; path = usr/lib/libbz2.1.0.dylib; sourceTree = SDKROOT; };
		7B4631A418D1F531009C5B3A /* libz.1.2.5.dylib */ = {isa = PBXFileReference; lastKnownFileType = "compiled.mach-o.dylib"; name = libz.1.2.5.dylib; path = usr/lib/libz.1.2.5.dylib; sourceTree = SDKROOT; };
		7B4631A718D1F8C4009C5B3A /* Base */ = {isa = PBXFileReference; lastKnownFileType = file.storyboard; name = Base; path = Base.lproj/Main.storyboard; sourceTree = "<group>"; };
		7B4631AA18D213DA009C5B3A /* DecodeMovie.h */ = {isa = PBXFileReference; fileEncoding = 4; lastKnownFileType = sourcecode.c.h; path = DecodeMovie.h; sourceTree = "<group>"; };
		7B4631AB18D213DA009C5B3A /* DecodeMovie.m */ = {isa = PBXFileReference; fileEncoding = 4; lastKnownFileType = sourcecode.c.objc; path = DecodeMovie.m; sourceTree = "<group>"; };
		7BE22D311D70819B0007B9EF /* ffmpegPacketQueue.c */ = {isa = PBXFileReference; fileEncoding = 4; lastKnownFileType = sourcecode.c.c; path = ffmpegPacketQueue.c; sourceTree = "<group>"; };
		7BE22D321D70819B0007B9EF /* ffmpegPacketQueue.h */ = {isa = PBXFileReference; fileEncoding = 4; lastKnownFileType = sourcecode.c.h; path = ffmpegPacketQueue.h; sourceTree = "<group>"; };
		7BE22D381D7096A00007B9EF /* CoreAudio.framework */ = {isa = PBXFileReference; lastKnownFileType = wrapper.framework; name = CoreAudio.framework; path = System/Library/Frameworks/CoreAudio.framework; sourceTree = SDKROOT; };
		7BE22D3A1D7096C10007B9EF /* AudioToolbox.framework */ = {isa = PBXFileReference; lastKnownFileType = wrapper.framework; name = AudioToolbox.framework; path = System/Library/Frameworks/AudioToolbox.framework; sourceTree = SDKROOT; };
		7BE22D421D72CA0B0007B9EF /* pthreadTest.c */ = {isa = PBXFileReference; fileEncoding = 4; lastKnownFileType = sourcecode.c.c; path = pthreadTest.c; sourceTree = "<group>"; };
		7BE22D431D72CA0B0007B9EF /* pthreadTest.h */ = {isa = PBXFileReference; fileEncoding = 4; lastKnownFileType = sourcecode.c.h; path = pthreadTest.h; sourceTree = "<group>"; };
		7BE22D491D733AD30007B9EF /* aacdecoder_lib.h */ = {isa = PBXFileReference; fileEncoding = 4; lastKnownFileType = sourcecode.c.h; path = aacdecoder_lib.h; sourceTree = "<group>"; };
		7BE22D4A1D733AD30007B9EF /* aacenc_lib.h */ = {isa = PBXFileReference; fileEncoding = 4; lastKnownFileType = sourcecode.c.h; path = aacenc_lib.h; sourceTree = "<group>"; };
		7BE22D4B1D733AD30007B9EF /* FDK_audio.h */ = {isa = PBXFileReference; fileEncoding = 4; lastKnownFileType = sourcecode.c.h; path = FDK_audio.h; sourceTree = "<group>"; };
		7BE22D4C1D733AD30007B9EF /* genericStds.h */ = {isa = PBXFileReference; fileEncoding = 4; lastKnownFileType = sourcecode.c.h; path = genericStds.h; sourceTree = "<group>"; };
		7BE22D4D1D733AD30007B9EF /* machine_type.h */ = {isa = PBXFileReference; fileEncoding = 4; lastKnownFileType = sourcecode.c.h; path = machine_type.h; sourceTree = "<group>"; };
		7BE22D4F1D733AD30007B9EF /* libfdk-aac.a */ = {isa = PBXFileReference; lastKnownFileType = archive.ar; path = "libfdk-aac.a"; sourceTree = "<group>"; };
		7BE22D571D733AD40007B9EF /* fdk-aac.pc */ = {isa = PBXFileReference; fileEncoding = 4; lastKnownFileType = text; path = "fdk-aac.pc"; sourceTree = "<group>"; };
		7BE22DDC1D733AD40007B9EF /* x264.h */ = {isa = PBXFileReference; fileEncoding = 4; lastKnownFileType = sourcecode.c.h; path = x264.h; sourceTree = "<group>"; };
		7BE22DDD1D733AD40007B9EF /* x264_config.h */ = {isa = PBXFileReference; fileEncoding = 4; lastKnownFileType = sourcecode.c.h; path = x264_config.h; sourceTree = "<group>"; };
		7BE22DDF1D733AD40007B9EF /* libx264.a */ = {isa = PBXFileReference; lastKnownFileType = archive.ar; path = libx264.a; sourceTree = "<group>"; };
/* End PBXFileReference section */

/* Begin PBXFrameworksBuildPhase section */
		7B4630FE18D1F09D009C5B3A /* Frameworks */ = {
			isa = PBXFrameworksBuildPhase;
			buildActionMask = 2147483647;
			files = (
				2A1E63611ED8403100BFC0AD /* AVFoundation.framework in Frameworks */,
				2A1E635F1ED8402000BFC0AD /* VideoToolbox.framework in Frameworks */,
				2A1E635A1ED83ED000BFC0AD /* libavutil.a in Frameworks */,
				2A1E63581ED83ED000BFC0AD /* libavfilter.a in Frameworks */,
				7B074A561D78853D006A7CF7 /* QuartzCore.framework in Frameworks */,
				7B074A541D788525006A7CF7 /* GLKit.framework in Frameworks */,
				2A1E63591ED83ED000BFC0AD /* libavformat.a in Frameworks */,
				7B074A521D78851A006A7CF7 /* OpenGLES.framework in Frameworks */,
				7BE22DE01D733AD40007B9EF /* libfdk-aac.a in Frameworks */,
				7BE22D3B1D7096C10007B9EF /* AudioToolbox.framework in Frameworks */,
				2A1E63561ED83ED000BFC0AD /* libavcodec.a in Frameworks */,
				7BE22D391D7096A00007B9EF /* CoreAudio.framework in Frameworks */,
				2A1E635B1ED83ED000BFC0AD /* libpostproc.a in Frameworks */,
				7B224E9C1D6F48B100DD0BDD /* libbz2.tbd in Frameworks */,
				7B224E9A1D6F48AA00DD0BDD /* libz.tbd in Frameworks */,
				7B224E981D6F489C00DD0BDD /* libiconv.tbd in Frameworks */,
				2A1E63571ED83ED000BFC0AD /* libavdevice.a in Frameworks */,
				2A1E635D1ED83ED000BFC0AD /* libswscale.a in Frameworks */,
				7B46310718D1F09D009C5B3A /* CoreGraphics.framework in Frameworks */,
				2A1E635C1ED83ED000BFC0AD /* libswresample.a in Frameworks */,
				7B46310918D1F09D009C5B3A /* UIKit.framework in Frameworks */,
				7BE22DF01D733AD40007B9EF /* libx264.a in Frameworks */,
				7B46310518D1F09D009C5B3A /* Foundation.framework in Frameworks */,
			);
			runOnlyForDeploymentPostprocessing = 0;
		};
		7B46311F18D1F09D009C5B3A /* Frameworks */ = {
			isa = PBXFrameworksBuildPhase;
			buildActionMask = 2147483647;
			files = (
				7B46312418D1F09D009C5B3A /* XCTest.framework in Frameworks */,
				7B46312618D1F09D009C5B3A /* UIKit.framework in Frameworks */,
				7B46312518D1F09D009C5B3A /* Foundation.framework in Frameworks */,
			);
			runOnlyForDeploymentPostprocessing = 0;
		};
/* End PBXFrameworksBuildPhase section */

/* Begin PBXGroup section */
		2A1E62C61ED4272500BFC0AD /* MediaCore */ = {
			isa = PBXGroup;
			children = (
				2A1E62C71ED4276E00BFC0AD /* zz_controller.c */,
				2A1E62C81ED4276E00BFC0AD /* zz_controller.h */,
				2A1E62CA1ED4284400BFC0AD /* zz_decoder.c */,
				2A1E62CB1ED4284400BFC0AD /* zz_decoder.h */,
				2A1E62CD1ED43B8B00BFC0AD /* zz_buffer.c */,
				2A1E62CE1ED43B8B00BFC0AD /* zz_buffer.h */,
				2A1E62D01ED457B900BFC0AD /* zz_queue.c */,
				2A1E62D11ED457B900BFC0AD /* zz_queue.h */,
				2A1E62D31ED5B02000BFC0AD /* zz_define.h */,
			);
			path = MediaCore;
			sourceTree = "<group>";
		};
		2A1E62D41ED83ECF00BFC0AD /* FFmpeg-iOS-2.7.7 */ = {
			isa = PBXGroup;
			children = (
				2A1E62D51ED83ECF00BFC0AD /* include */,
				2A1E634D1ED83ECF00BFC0AD /* lib */,
			);
			path = "FFmpeg-iOS-2.7.7";
			sourceTree = "<group>";
		};
		2A1E62D51ED83ECF00BFC0AD /* include */ = {
			isa = PBXGroup;
			children = (
				2A1E62D61ED83ECF00BFC0AD /* libavcodec */,
				2A1E62E81ED83ECF00BFC0AD /* libavdevice */,
				2A1E62EB1ED83ECF00BFC0AD /* libavfilter */,
				2A1E62F31ED83ECF00BFC0AD /* libavformat */,
				2A1E62F71ED83ECF00BFC0AD /* libavutil */,
				2A1E63441ED83ECF00BFC0AD /* libpostproc */,
				2A1E63471ED83ECF00BFC0AD /* libswresample */,
				2A1E634A1ED83ECF00BFC0AD /* libswscale */,
			);
			path = include;
			sourceTree = "<group>";
		};
		2A1E62D61ED83ECF00BFC0AD /* libavcodec */ = {
			isa = PBXGroup;
			children = (
				2A1E62D71ED83ECF00BFC0AD /* avcodec.h */,
				2A1E62D81ED83ECF00BFC0AD /* avdct.h */,
				2A1E62D91ED83ECF00BFC0AD /* avfft.h */,
				2A1E62DA1ED83ECF00BFC0AD /* d3d11va.h */,
				2A1E62DB1ED83ECF00BFC0AD /* dirac.h */,
				2A1E62DC1ED83ECF00BFC0AD /* dv_profile.h */,
				2A1E62DD1ED83ECF00BFC0AD /* dxva2.h */,
				2A1E62DE1ED83ECF00BFC0AD /* jni.h */,
				2A1E62DF1ED83ECF00BFC0AD /* old_codec_ids.h */,
				2A1E62E01ED83ECF00BFC0AD /* qsv.h */,
				2A1E62E11ED83ECF00BFC0AD /* vaapi.h */,
				2A1E62E21ED83ECF00BFC0AD /* vda.h */,
				2A1E62E31ED83ECF00BFC0AD /* vdpau.h */,
				2A1E62E41ED83ECF00BFC0AD /* version.h */,
				2A1E62E51ED83ECF00BFC0AD /* videotoolbox.h */,
				2A1E62E61ED83ECF00BFC0AD /* vorbis_parser.h */,
				2A1E62E71ED83ECF00BFC0AD /* xvmc.h */,
			);
			path = libavcodec;
			sourceTree = "<group>";
		};
		2A1E62E81ED83ECF00BFC0AD /* libavdevice */ = {
			isa = PBXGroup;
			children = (
				2A1E62E91ED83ECF00BFC0AD /* avdevice.h */,
				2A1E62EA1ED83ECF00BFC0AD /* version.h */,
			);
			path = libavdevice;
			sourceTree = "<group>";
		};
		2A1E62EB1ED83ECF00BFC0AD /* libavfilter */ = {
			isa = PBXGroup;
			children = (
				2A1E62EC1ED83ECF00BFC0AD /* asrc_abuffer.h */,
				2A1E62ED1ED83ECF00BFC0AD /* avcodec.h */,
				2A1E62EE1ED83ECF00BFC0AD /* avfilter.h */,
				2A1E62EF1ED83ECF00BFC0AD /* avfiltergraph.h */,
				2A1E62F01ED83ECF00BFC0AD /* buffersink.h */,
				2A1E62F11ED83ECF00BFC0AD /* buffersrc.h */,
				2A1E62F21ED83ECF00BFC0AD /* version.h */,
			);
			path = libavfilter;
			sourceTree = "<group>";
		};
		2A1E62F31ED83ECF00BFC0AD /* libavformat */ = {
			isa = PBXGroup;
			children = (
				2A1E62F41ED83ECF00BFC0AD /* avformat.h */,
				2A1E62F51ED83ECF00BFC0AD /* avio.h */,
				2A1E62F61ED83ECF00BFC0AD /* version.h */,
			);
			path = libavformat;
			sourceTree = "<group>";
		};
		2A1E62F71ED83ECF00BFC0AD /* libavutil */ = {
			isa = PBXGroup;
			children = (
				2A1E62F81ED83ECF00BFC0AD /* adler32.h */,
				2A1E62F91ED83ECF00BFC0AD /* aes.h */,
				2A1E62FA1ED83ECF00BFC0AD /* aes_ctr.h */,
				2A1E62FB1ED83ECF00BFC0AD /* attributes.h */,
				2A1E62FC1ED83ECF00BFC0AD /* audio_fifo.h */,
				2A1E62FD1ED83ECF00BFC0AD /* audioconvert.h */,
				2A1E62FE1ED83ECF00BFC0AD /* avassert.h */,
				2A1E62FF1ED83ECF00BFC0AD /* avconfig.h */,
				2A1E63001ED83ECF00BFC0AD /* avstring.h */,
				2A1E63011ED83ECF00BFC0AD /* avutil.h */,
				2A1E63021ED83ECF00BFC0AD /* base64.h */,
				2A1E63031ED83ECF00BFC0AD /* blowfish.h */,
				2A1E63041ED83ECF00BFC0AD /* bprint.h */,
				2A1E63051ED83ECF00BFC0AD /* bswap.h */,
				2A1E63061ED83ECF00BFC0AD /* buffer.h */,
				2A1E63071ED83ECF00BFC0AD /* camellia.h */,
				2A1E63081ED83ECF00BFC0AD /* cast5.h */,
				2A1E63091ED83ECF00BFC0AD /* channel_layout.h */,
				2A1E630A1ED83ECF00BFC0AD /* common.h */,
				2A1E630B1ED83ECF00BFC0AD /* cpu.h */,
				2A1E630C1ED83ECF00BFC0AD /* crc.h */,
				2A1E630D1ED83ECF00BFC0AD /* des.h */,
				2A1E630E1ED83ECF00BFC0AD /* dict.h */,
				2A1E630F1ED83ECF00BFC0AD /* display.h */,
				2A1E63101ED83ECF00BFC0AD /* downmix_info.h */,
				2A1E63111ED83ECF00BFC0AD /* error.h */,
				2A1E63121ED83ECF00BFC0AD /* eval.h */,
				2A1E63131ED83ECF00BFC0AD /* ffversion.h */,
				2A1E63141ED83ECF00BFC0AD /* fifo.h */,
				2A1E63151ED83ECF00BFC0AD /* file.h */,
				2A1E63161ED83ECF00BFC0AD /* frame.h */,
				2A1E63171ED83ECF00BFC0AD /* hash.h */,
				2A1E63181ED83ECF00BFC0AD /* hmac.h */,
				2A1E63191ED83ECF00BFC0AD /* hwcontext.h */,
				2A1E631A1ED83ECF00BFC0AD /* hwcontext_cuda.h */,
				2A1E631B1ED83ECF00BFC0AD /* hwcontext_dxva2.h */,
				2A1E631C1ED83ECF00BFC0AD /* hwcontext_vaapi.h */,
				2A1E631D1ED83ECF00BFC0AD /* hwcontext_vdpau.h */,
				2A1E631E1ED83ECF00BFC0AD /* imgutils.h */,
				2A1E631F1ED83ECF00BFC0AD /* intfloat.h */,
				2A1E63201ED83ECF00BFC0AD /* intfloat_readwrite.h */,
				2A1E63211ED83ECF00BFC0AD /* intreadwrite.h */,
				2A1E63221ED83ECF00BFC0AD /* lfg.h */,
				2A1E63231ED83ECF00BFC0AD /* log.h */,
				2A1E63241ED83ECF00BFC0AD /* lzo.h */,
				2A1E63251ED83ECF00BFC0AD /* macros.h */,
				2A1E63261ED83ECF00BFC0AD /* mastering_display_metadata.h */,
				2A1E63271ED83ECF00BFC0AD /* mathematics.h */,
				2A1E63281ED83ECF00BFC0AD /* md5.h */,
				2A1E63291ED83ECF00BFC0AD /* mem.h */,
				2A1E632A1ED83ECF00BFC0AD /* motion_vector.h */,
				2A1E632B1ED83ECF00BFC0AD /* murmur3.h */,
				2A1E632C1ED83ECF00BFC0AD /* old_pix_fmts.h */,
				2A1E632D1ED83ECF00BFC0AD /* opt.h */,
				2A1E632E1ED83ECF00BFC0AD /* parseutils.h */,
				2A1E632F1ED83ECF00BFC0AD /* pixdesc.h */,
				2A1E63301ED83ECF00BFC0AD /* pixelutils.h */,
				2A1E63311ED83ECF00BFC0AD /* pixfmt.h */,
				2A1E63321ED83ECF00BFC0AD /* random_seed.h */,
				2A1E63331ED83ECF00BFC0AD /* rational.h */,
				2A1E63341ED83ECF00BFC0AD /* rc4.h */,
				2A1E63351ED83ECF00BFC0AD /* replaygain.h */,
				2A1E63361ED83ECF00BFC0AD /* ripemd.h */,
				2A1E63371ED83ECF00BFC0AD /* samplefmt.h */,
				2A1E63381ED83ECF00BFC0AD /* sha.h */,
				2A1E63391ED83ECF00BFC0AD /* sha512.h */,
				2A1E633A1ED83ECF00BFC0AD /* stereo3d.h */,
				2A1E633B1ED83ECF00BFC0AD /* tea.h */,
				2A1E633C1ED83ECF00BFC0AD /* threadmessage.h */,
				2A1E633D1ED83ECF00BFC0AD /* time.h */,
				2A1E633E1ED83ECF00BFC0AD /* timecode.h */,
				2A1E633F1ED83ECF00BFC0AD /* timestamp.h */,
				2A1E63401ED83ECF00BFC0AD /* tree.h */,
				2A1E63411ED83ECF00BFC0AD /* twofish.h */,
				2A1E63421ED83ECF00BFC0AD /* version.h */,
				2A1E63431ED83ECF00BFC0AD /* xtea.h */,
			);
			path = libavutil;
			sourceTree = "<group>";
		};
		2A1E63441ED83ECF00BFC0AD /* libpostproc */ = {
			isa = PBXGroup;
			children = (
				2A1E63451ED83ECF00BFC0AD /* postprocess.h */,
				2A1E63461ED83ECF00BFC0AD /* version.h */,
			);
			path = libpostproc;
			sourceTree = "<group>";
		};
		2A1E63471ED83ECF00BFC0AD /* libswresample */ = {
			isa = PBXGroup;
			children = (
				2A1E63481ED83ECF00BFC0AD /* swresample.h */,
				2A1E63491ED83ECF00BFC0AD /* version.h */,
			);
			path = libswresample;
			sourceTree = "<group>";
		};
		2A1E634A1ED83ECF00BFC0AD /* libswscale */ = {
			isa = PBXGroup;
			children = (
				2A1E634B1ED83ECF00BFC0AD /* swscale.h */,
				2A1E634C1ED83ECF00BFC0AD /* version.h */,
			);
			path = libswscale;
			sourceTree = "<group>";
		};
		2A1E634D1ED83ECF00BFC0AD /* lib */ = {
			isa = PBXGroup;
			children = (
				2A1E634E1ED83ECF00BFC0AD /* libavcodec.a */,
				2A1E634F1ED83ECF00BFC0AD /* libavdevice.a */,
				2A1E63501ED83ECF00BFC0AD /* libavfilter.a */,
				2A1E63511ED83ECF00BFC0AD /* libavformat.a */,
				2A1E63521ED83ECF00BFC0AD /* libavutil.a */,
				2A1E63531ED83ECF00BFC0AD /* libpostproc.a */,
				2A1E63541ED83ECF00BFC0AD /* libswresample.a */,
				2A1E63551ED83ECF00BFC0AD /* libswscale.a */,
			);
			path = lib;
			sourceTree = "<group>";
		};
		7B074A421D77207B006A7CF7 /* player */ = {
			isa = PBXGroup;
			children = (
				7B074A431D7720A0006A7CF7 /* audioPlayer */,
				7B074A461D7720A0006A7CF7 /* videoPlayer */,
				7B074A4E1D7722D9006A7CF7 /* ZZFFmpegPlayer.h */,
				7B074A4F1D7722D9006A7CF7 /* ZZFFmpegPlayer.m */,
			);
			path = player;
			sourceTree = "<group>";
		};
		7B074A431D7720A0006A7CF7 /* audioPlayer */ = {
			isa = PBXGroup;
			children = (
				7B074A441D7720A0006A7CF7 /* ZZAudioPlayer.h */,
				7B074A451D7720A0006A7CF7 /* ZZAudioPlayer.m */,
			);
			path = audioPlayer;
			sourceTree = "<group>";
		};
		7B074A461D7720A0006A7CF7 /* videoPlayer */ = {
			isa = PBXGroup;
			children = (
				7B074A471D7720A0006A7CF7 /* ZZVideoPlayerView.h */,
				7B074A481D7720A0006A7CF7 /* ZZVideoPlayerView.m */,
			);
			path = videoPlayer;
			sourceTree = "<group>";
		};
		7B4630F818D1F09D009C5B3A = {
			isa = PBXGroup;
			children = (
				7B46310A18D1F09D009C5B3A /* testFFmpeg */,
				7B46312918D1F09D009C5B3A /* testFFmpegTests */,
				7B46310318D1F09D009C5B3A /* Frameworks */,
				7B46310218D1F09D009C5B3A /* Products */,
			);
			sourceTree = "<group>";
		};
		7B46310218D1F09D009C5B3A /* Products */ = {
			isa = PBXGroup;
			children = (
				7B46310118D1F09D009C5B3A /* testFFmpeg.app */,
				7B46312218D1F09D009C5B3A /* testFFmpegTests.xctest */,
			);
			name = Products;
			sourceTree = "<group>";
		};
		7B46310318D1F09D009C5B3A /* Frameworks */ = {
			isa = PBXGroup;
			children = (
				2A1E63601ED8403100BFC0AD /* AVFoundation.framework */,
				2A1E635E1ED8402000BFC0AD /* VideoToolbox.framework */,
				7B074A551D78853D006A7CF7 /* QuartzCore.framework */,
				7B074A531D788525006A7CF7 /* GLKit.framework */,
				7B074A511D78851A006A7CF7 /* OpenGLES.framework */,
				7BE22D3A1D7096C10007B9EF /* AudioToolbox.framework */,
				7BE22D381D7096A00007B9EF /* CoreAudio.framework */,
				7B224E9B1D6F48B100DD0BDD /* libbz2.tbd */,
				7B224E991D6F48AA00DD0BDD /* libz.tbd */,
				7B224E971D6F489C00DD0BDD /* libiconv.tbd */,
				7B4631A418D1F531009C5B3A /* libz.1.2.5.dylib */,
				7B4631A218D1F527009C5B3A /* libbz2.1.0.dylib */,
				7B46310418D1F09D009C5B3A /* Foundation.framework */,
				7B46310618D1F09D009C5B3A /* CoreGraphics.framework */,
				7B46310818D1F09D009C5B3A /* UIKit.framework */,
				7B46312318D1F09D009C5B3A /* XCTest.framework */,
			);
			name = Frameworks;
			sourceTree = "<group>";
		};
		7B46310A18D1F09D009C5B3A /* testFFmpeg */ = {
			isa = PBXGroup;
			children = (
				2A1E62D41ED83ECF00BFC0AD /* FFmpeg-iOS-2.7.7 */,
				2A1E62C61ED4272500BFC0AD /* MediaCore */,
				7B074A421D77207B006A7CF7 /* player */,
				7BE22D451D733AD30007B9EF /* fdk-aac */,
				7BE22DDA1D733AD40007B9EF /* x264-iOS */,
				7B4631A918D213AD009C5B3A /* myCode */,
				7B46311318D1F09D009C5B3A /* AppDelegate.h */,
				7B46311418D1F09D009C5B3A /* AppDelegate.m */,
				7B46311918D1F09D009C5B3A /* ViewController.h */,
				7B46311A18D1F09D009C5B3A /* ViewController.m */,
				7B4631A618D1F8C4009C5B3A /* Main.storyboard */,
				7B46311C18D1F09D009C5B3A /* Images.xcassets */,
				7B46310B18D1F09D009C5B3A /* Supporting Files */,
			);
			path = testFFmpeg;
			sourceTree = "<group>";
		};
		7B46310B18D1F09D009C5B3A /* Supporting Files */ = {
			isa = PBXGroup;
			children = (
				7B46310C18D1F09D009C5B3A /* testFFmpeg-Info.plist */,
				7B46310D18D1F09D009C5B3A /* InfoPlist.strings */,
				7B46311018D1F09D009C5B3A /* main.m */,
				7B46311218D1F09D009C5B3A /* testFFmpeg-Prefix.pch */,
			);
			name = "Supporting Files";
			sourceTree = "<group>";
		};
		7B46312918D1F09D009C5B3A /* testFFmpegTests */ = {
			isa = PBXGroup;
			children = (
				7B46312F18D1F09D009C5B3A /* testFFmpegTests.m */,
				7B46312A18D1F09D009C5B3A /* Supporting Files */,
			);
			path = testFFmpegTests;
			sourceTree = "<group>";
		};
		7B46312A18D1F09D009C5B3A /* Supporting Files */ = {
			isa = PBXGroup;
			children = (
				7B46312B18D1F09D009C5B3A /* testFFmpegTests-Info.plist */,
				7B46312C18D1F09D009C5B3A /* InfoPlist.strings */,
			);
			name = "Supporting Files";
			sourceTree = "<group>";
		};
		7B4631A918D213AD009C5B3A /* myCode */ = {
			isa = PBXGroup;
			children = (
				7BE22D421D72CA0B0007B9EF /* pthreadTest.c */,
				7BE22D431D72CA0B0007B9EF /* pthreadTest.h */,
				7B4631AA18D213DA009C5B3A /* DecodeMovie.h */,
				7B4631AB18D213DA009C5B3A /* DecodeMovie.m */,
				7B224E9D1D6F498E00DD0BDD /* ffmpegDecoder.c */,
				7B224E9E1D6F498F00DD0BDD /* ffmpegDecoder.h */,
				7BE22D311D70819B0007B9EF /* ffmpegPacketQueue.c */,
				7BE22D321D70819B0007B9EF /* ffmpegPacketQueue.h */,
			);
			path = myCode;
			sourceTree = "<group>";
		};
		7BE22D451D733AD30007B9EF /* fdk-aac */ = {
			isa = PBXGroup;
			children = (
				7BE22D461D733AD30007B9EF /* fdk-aac-ios */,
			);
			path = "fdk-aac";
			sourceTree = "<group>";
		};
		7BE22D461D733AD30007B9EF /* fdk-aac-ios */ = {
			isa = PBXGroup;
			children = (
				7BE22D471D733AD30007B9EF /* include */,
				7BE22D4E1D733AD30007B9EF /* lib */,
			);
			path = "fdk-aac-ios";
			sourceTree = "<group>";
		};
		7BE22D471D733AD30007B9EF /* include */ = {
			isa = PBXGroup;
			children = (
				7BE22D481D733AD30007B9EF /* fdk-aac */,
			);
			path = include;
			sourceTree = "<group>";
		};
		7BE22D481D733AD30007B9EF /* fdk-aac */ = {
			isa = PBXGroup;
			children = (
				7BE22D491D733AD30007B9EF /* aacdecoder_lib.h */,
				7BE22D4A1D733AD30007B9EF /* aacenc_lib.h */,
				7BE22D4B1D733AD30007B9EF /* FDK_audio.h */,
				7BE22D4C1D733AD30007B9EF /* genericStds.h */,
				7BE22D4D1D733AD30007B9EF /* machine_type.h */,
			);
			path = "fdk-aac";
			sourceTree = "<group>";
		};
		7BE22D4E1D733AD30007B9EF /* lib */ = {
			isa = PBXGroup;
			children = (
				7BE22D4F1D733AD30007B9EF /* libfdk-aac.a */,
				7BE22D561D733AD40007B9EF /* pkgconfig */,
			);
			path = lib;
			sourceTree = "<group>";
		};
		7BE22D561D733AD40007B9EF /* pkgconfig */ = {
			isa = PBXGroup;
			children = (
				7BE22D571D733AD40007B9EF /* fdk-aac.pc */,
			);
			path = pkgconfig;
			sourceTree = "<group>";
		};
		7BE22DDA1D733AD40007B9EF /* x264-iOS */ = {
			isa = PBXGroup;
			children = (
				7BE22DDB1D733AD40007B9EF /* include */,
				7BE22DDE1D733AD40007B9EF /* lib */,
			);
			path = "x264-iOS";
			sourceTree = "<group>";
		};
		7BE22DDB1D733AD40007B9EF /* include */ = {
			isa = PBXGroup;
			children = (
				7BE22DDC1D733AD40007B9EF /* x264.h */,
				7BE22DDD1D733AD40007B9EF /* x264_config.h */,
			);
			path = include;
			sourceTree = "<group>";
		};
		7BE22DDE1D733AD40007B9EF /* lib */ = {
			isa = PBXGroup;
			children = (
				7BE22DDF1D733AD40007B9EF /* libx264.a */,
			);
			path = lib;
			sourceTree = "<group>";
		};
/* End PBXGroup section */

/* Begin PBXNativeTarget section */
		7B46310018D1F09D009C5B3A /* testFFmpeg */ = {
			isa = PBXNativeTarget;
			buildConfigurationList = 7B46313318D1F09D009C5B3A /* Build configuration list for PBXNativeTarget "testFFmpeg" */;
			buildPhases = (
				7B4630FD18D1F09D009C5B3A /* Sources */,
				7B4630FE18D1F09D009C5B3A /* Frameworks */,
				7B4630FF18D1F09D009C5B3A /* Resources */,
			);
			buildRules = (
			);
			dependencies = (
			);
			name = testFFmpeg;
			productName = testFFmpeg;
			productReference = 7B46310118D1F09D009C5B3A /* testFFmpeg.app */;
			productType = "com.apple.product-type.application";
		};
		7B46312118D1F09D009C5B3A /* testFFmpegTests */ = {
			isa = PBXNativeTarget;
			buildConfigurationList = 7B46313618D1F09D009C5B3A /* Build configuration list for PBXNativeTarget "testFFmpegTests" */;
			buildPhases = (
				7B46311E18D1F09D009C5B3A /* Sources */,
				7B46311F18D1F09D009C5B3A /* Frameworks */,
				7B46312018D1F09D009C5B3A /* Resources */,
			);
			buildRules = (
			);
			dependencies = (
				7B46312818D1F09D009C5B3A /* PBXTargetDependency */,
			);
			name = testFFmpegTests;
			productName = testFFmpegTests;
			productReference = 7B46312218D1F09D009C5B3A /* testFFmpegTests.xctest */;
			productType = "com.apple.product-type.bundle.unit-test";
		};
/* End PBXNativeTarget section */

/* Begin PBXProject section */
		7B4630F918D1F09D009C5B3A /* Project object */ = {
			isa = PBXProject;
			attributes = {
				LastUpgradeCheck = 0500;
				ORGANIZATIONNAME = XiaoWoNiu2014;
				TargetAttributes = {
					7B46310018D1F09D009C5B3A = {
						DevelopmentTeam = KL99CD99DM;
					};
					7B46312118D1F09D009C5B3A = {
						TestTargetID = 7B46310018D1F09D009C5B3A;
					};
				};
			};
			buildConfigurationList = 7B4630FC18D1F09D009C5B3A /* Build configuration list for PBXProject "testFFmpeg" */;
			compatibilityVersion = "Xcode 3.2";
			developmentRegion = English;
			hasScannedForEncodings = 0;
			knownRegions = (
				en,
				Base,
			);
			mainGroup = 7B4630F818D1F09D009C5B3A;
			productRefGroup = 7B46310218D1F09D009C5B3A /* Products */;
			projectDirPath = "";
			projectRoot = "";
			targets = (
				7B46310018D1F09D009C5B3A /* testFFmpeg */,
				7B46312118D1F09D009C5B3A /* testFFmpegTests */,
			);
		};
/* End PBXProject section */

/* Begin PBXResourcesBuildPhase section */
		7B4630FF18D1F09D009C5B3A /* Resources */ = {
			isa = PBXResourcesBuildPhase;
			buildActionMask = 2147483647;
			files = (
				7B4631A818D1F8C4009C5B3A /* Main.storyboard in Resources */,
				7B46311D18D1F09D009C5B3A /* Images.xcassets in Resources */,
				7B46310F18D1F09D009C5B3A /* InfoPlist.strings in Resources */,
				7BE22DE71D733AD40007B9EF /* fdk-aac.pc in Resources */,
			);
			runOnlyForDeploymentPostprocessing = 0;
		};
		7B46312018D1F09D009C5B3A /* Resources */ = {
			isa = PBXResourcesBuildPhase;
			buildActionMask = 2147483647;
			files = (
				7B46312E18D1F09D009C5B3A /* InfoPlist.strings in Resources */,
			);
			runOnlyForDeploymentPostprocessing = 0;
		};
/* End PBXResourcesBuildPhase section */

/* Begin PBXSourcesBuildPhase section */
		7B4630FD18D1F09D009C5B3A /* Sources */ = {
			isa = PBXSourcesBuildPhase;
			buildActionMask = 2147483647;
			files = (
				7B224E9F1D6F498F00DD0BDD /* ffmpegDecoder.c in Sources */,
				7B074A4C1D7720A0006A7CF7 /* ZZVideoPlayerView.m in Sources */,
				2A1E62C91ED4276E00BFC0AD /* zz_controller.c in Sources */,
				7B4631AC18D213DA009C5B3A /* DecodeMovie.m in Sources */,
				7B46311B18D1F09D009C5B3A /* ViewController.m in Sources */,
				2A1E62D21ED457B900BFC0AD /* zz_queue.c in Sources */,
				2A1E62CF1ED43B8B00BFC0AD /* zz_buffer.c in Sources */,
				7B46311518D1F09D009C5B3A /* AppDelegate.m in Sources */,
				7BE22D331D70819B0007B9EF /* ffmpegPacketQueue.c in Sources */,
				7BE22D441D72CA0B0007B9EF /* pthreadTest.c in Sources */,
				7B074A501D7722D9006A7CF7 /* ZZFFmpegPlayer.m in Sources */,
				7B46311118D1F09D009C5B3A /* main.m in Sources */,
				2A1E62CC1ED4284400BFC0AD /* zz_decoder.c in Sources */,
				7B074A4B1D7720A0006A7CF7 /* ZZAudioPlayer.m in Sources */,
			);
			runOnlyForDeploymentPostprocessing = 0;
		};
		7B46311E18D1F09D009C5B3A /* Sources */ = {
			isa = PBXSourcesBuildPhase;
			buildActionMask = 2147483647;
			files = (
				7B46313018D1F09D009C5B3A /* testFFmpegTests.m in Sources */,
			);
			runOnlyForDeploymentPostprocessing = 0;
		};
/* End PBXSourcesBuildPhase section */

/* Begin PBXTargetDependency section */
		7B46312818D1F09D009C5B3A /* PBXTargetDependency */ = {
			isa = PBXTargetDependency;
			target = 7B46310018D1F09D009C5B3A /* testFFmpeg */;
			targetProxy = 7B46312718D1F09D009C5B3A /* PBXContainerItemProxy */;
		};
/* End PBXTargetDependency section */

/* Begin PBXVariantGroup section */
		7B46310D18D1F09D009C5B3A /* InfoPlist.strings */ = {
			isa = PBXVariantGroup;
			children = (
				7B46310E18D1F09D009C5B3A /* en */,
			);
			name = InfoPlist.strings;
			sourceTree = "<group>";
		};
		7B46312C18D1F09D009C5B3A /* InfoPlist.strings */ = {
			isa = PBXVariantGroup;
			children = (
				7B46312D18D1F09D009C5B3A /* en */,
			);
			name = InfoPlist.strings;
			sourceTree = "<group>";
		};
		7B4631A618D1F8C4009C5B3A /* Main.storyboard */ = {
			isa = PBXVariantGroup;
			children = (
				7B4631A718D1F8C4009C5B3A /* Base */,
			);
			name = Main.storyboard;
			sourceTree = "<group>";
		};
/* End PBXVariantGroup section */

/* Begin XCBuildConfiguration section */
		7B46313118D1F09D009C5B3A /* Debug */ = {
			isa = XCBuildConfiguration;
			buildSettings = {
				ALWAYS_SEARCH_USER_PATHS = NO;
				CLANG_CXX_LANGUAGE_STANDARD = "gnu++0x";
				CLANG_CXX_LIBRARY = "libc++";
				CLANG_ENABLE_MODULES = YES;
				CLANG_ENABLE_OBJC_ARC = YES;
				CLANG_WARN_BOOL_CONVERSION = YES;
				CLANG_WARN_CONSTANT_CONVERSION = YES;
				CLANG_WARN_DIRECT_OBJC_ISA_USAGE = YES_ERROR;
				CLANG_WARN_EMPTY_BODY = YES;
				CLANG_WARN_ENUM_CONVERSION = YES;
				CLANG_WARN_INT_CONVERSION = YES;
				CLANG_WARN_OBJC_ROOT_CLASS = YES_ERROR;
				CLANG_WARN__DUPLICATE_METHOD_MATCH = YES;
				"CODE_SIGN_IDENTITY[sdk=iphoneos*]" = "iPhone Developer";
				COPY_PHASE_STRIP = NO;
				GCC_C_LANGUAGE_STANDARD = gnu99;
				GCC_DYNAMIC_NO_PIC = NO;
				GCC_OPTIMIZATION_LEVEL = 0;
				GCC_PREPROCESSOR_DEFINITIONS = (
					"DEBUG=1",
					"$(inherited)",
				);
				GCC_SYMBOLS_PRIVATE_EXTERN = NO;
				GCC_WARN_ABOUT_RETURN_TYPE = YES_ERROR;
				GCC_WARN_UNDECLARED_SELECTOR = YES;
				GCC_WARN_UNINITIALIZED_AUTOS = YES;
				GCC_WARN_UNUSED_FUNCTION = YES;
				GCC_WARN_UNUSED_VARIABLE = YES;
				HEADER_SEARCH_PATHS = "\"$(SRCROOT)/testFFmpeg/FFmpeg-iOS-2.7.7/include\"";
				IPHONEOS_DEPLOYMENT_TARGET = 8.0;
				LIBRARY_SEARCH_PATHS = "\"$(SRCROOT)/testFFmpeg/FFmpeg-iOS-2.7.7/lib\"";
				ONLY_ACTIVE_ARCH = YES;
				OTHER_LDFLAGS = "-ObjC";
				SDKROOT = iphoneos;
				VALID_ARCHS = "arm64 armv7 armv7s";
			};
			name = Debug;
		};
		7B46313218D1F09D009C5B3A /* Release */ = {
			isa = XCBuildConfiguration;
			buildSettings = {
				ALWAYS_SEARCH_USER_PATHS = NO;
				CLANG_CXX_LANGUAGE_STANDARD = "gnu++0x";
				CLANG_CXX_LIBRARY = "libc++";
				CLANG_ENABLE_MODULES = YES;
				CLANG_ENABLE_OBJC_ARC = YES;
				CLANG_WARN_BOOL_CONVERSION = YES;
				CLANG_WARN_CONSTANT_CONVERSION = YES;
				CLANG_WARN_DIRECT_OBJC_ISA_USAGE = YES_ERROR;
				CLANG_WARN_EMPTY_BODY = YES;
				CLANG_WARN_ENUM_CONVERSION = YES;
				CLANG_WARN_INT_CONVERSION = YES;
				CLANG_WARN_OBJC_ROOT_CLASS = YES_ERROR;
				CLANG_WARN__DUPLICATE_METHOD_MATCH = YES;
				"CODE_SIGN_IDENTITY[sdk=iphoneos*]" = "iPhone Developer";
				COPY_PHASE_STRIP = YES;
				ENABLE_NS_ASSERTIONS = NO;
				GCC_C_LANGUAGE_STANDARD = gnu99;
				GCC_WARN_ABOUT_RETURN_TYPE = YES_ERROR;
				GCC_WARN_UNDECLARED_SELECTOR = YES;
				GCC_WARN_UNINITIALIZED_AUTOS = YES;
				GCC_WARN_UNUSED_FUNCTION = YES;
				GCC_WARN_UNUSED_VARIABLE = YES;
				HEADER_SEARCH_PATHS = "\"$(SRCROOT)/testFFmpeg/FFmpeg-iOS-2.7.7/include\"";
				IPHONEOS_DEPLOYMENT_TARGET = 8.0;
				LIBRARY_SEARCH_PATHS = "\"$(SRCROOT)/testFFmpeg/FFmpeg-iOS-2.7.7/lib\"";
				OTHER_LDFLAGS = "-ObjC";
				SDKROOT = iphoneos;
				VALIDATE_PRODUCT = YES;
				VALID_ARCHS = "arm64 armv7 armv7s";
			};
			name = Release;
		};
		7B46313418D1F09D009C5B3A /* Debug */ = {
			isa = XCBuildConfiguration;
			buildSettings = {
				ALWAYS_SEARCH_USER_PATHS = NO;
				ASSETCATALOG_COMPILER_APPICON_NAME = AppIcon;
				ASSETCATALOG_COMPILER_LAUNCHIMAGE_NAME = LaunchImage;
				CODE_SIGN_IDENTITY = "iPhone Developer";
				DEVELOPMENT_TEAM = KL99CD99DM;
				ENABLE_BITCODE = NO;
				GCC_PRECOMPILE_PREFIX_HEADER = YES;
				GCC_PREFIX_HEADER = "testFFmpeg/testFFmpeg-Prefix.pch";
				HEADER_SEARCH_PATHS = (
					"$(PROJECT_DIR)/testFFmpeg/fdk-aac/fdk-aac-ios/include",
					"$(PROJECT_DIR)/testFFmpeg/FFmpeg-iOS-2.7.7/include",
					"$(PROJECT_DIR)/testFFmpeg/x264-iOS/include",
				);
				INFOPLIST_FILE = "testFFmpeg/testFFmpeg-Info.plist";
				IPHONEOS_DEPLOYMENT_TARGET = 8.0;
				LIBRARY_SEARCH_PATHS = (
					"$(PROJECT_DIR)/testFFmpeg/fdk-aac/fdk-aac-ios/lib",
					"$(PROJECT_DIR)/testFFmpeg/FFmpeg-iOS-2.7.7/lib",
					"$(PROJECT_DIR)/testFFmpeg/x264-iOS/lib",
				);
				OTHER_LDFLAGS = "-ObjC";
				PRODUCT_NAME = "$(TARGET_NAME)";
				VALID_ARCHS = "arm64 armv7 i386";
				WRAPPER_EXTENSION = app;
			};
			name = Debug;
		};
		7B46313518D1F09D009C5B3A /* Release */ = {
			isa = XCBuildConfiguration;
			buildSettings = {
				ALWAYS_SEARCH_USER_PATHS = NO;
				ASSETCATALOG_COMPILER_APPICON_NAME = AppIcon;
				ASSETCATALOG_COMPILER_LAUNCHIMAGE_NAME = LaunchImage;
				CODE_SIGN_IDENTITY = "iPhone Developer";
				DEVELOPMENT_TEAM = KL99CD99DM;
				ENABLE_BITCODE = NO;
				GCC_PRECOMPILE_PREFIX_HEADER = YES;
				GCC_PREFIX_HEADER = "testFFmpeg/testFFmpeg-Prefix.pch";
				HEADER_SEARCH_PATHS = (
					"$(PROJECT_DIR)/testFFmpeg/fdk-aac/fdk-aac-ios/include",
					"$(PROJECT_DIR)/testFFmpeg/FFmpeg-iOS-2.7.7/include",
					"$(PROJECT_DIR)/testFFmpeg/x264-iOS/include",
				);
				INFOPLIST_FILE = "testFFmpeg/testFFmpeg-Info.plist";
				IPHONEOS_DEPLOYMENT_TARGET = 8.0;
				LIBRARY_SEARCH_PATHS = (
					"$(PROJECT_DIR)/testFFmpeg/fdk-aac/fdk-aac-ios/lib",
					"$(PROJECT_DIR)/testFFmpeg/FFmpeg-iOS-2.7.7/lib",
					"$(PROJECT_DIR)/testFFmpeg/x264-iOS/lib",
				);
				OTHER_LDFLAGS = "-ObjC";
				PRODUCT_NAME = "$(TARGET_NAME)";
				VALID_ARCHS = "arm64 armv7 i386";
				WRAPPER_EXTENSION = app;
			};
			name = Release;
		};
		7B46313718D1F09D009C5B3A /* Debug */ = {
			isa = XCBuildConfiguration;
			buildSettings = {
				BUNDLE_LOADER = "$(BUILT_PRODUCTS_DIR)/testFFmpeg.app/testFFmpeg";
				FRAMEWORK_SEARCH_PATHS = (
					"$(SDKROOT)/Developer/Library/Frameworks",
					"$(inherited)",
					"$(DEVELOPER_FRAMEWORKS_DIR)",
				);
				GCC_PRECOMPILE_PREFIX_HEADER = YES;
				GCC_PREFIX_HEADER = "testFFmpeg/testFFmpeg-Prefix.pch";
				GCC_PREPROCESSOR_DEFINITIONS = (
					"DEBUG=1",
					"$(inherited)",
				);
				INFOPLIST_FILE = "testFFmpegTests/testFFmpegTests-Info.plist";
				PRODUCT_NAME = "$(TARGET_NAME)";
				TEST_HOST = "$(BUNDLE_LOADER)";
				WRAPPER_EXTENSION = xctest;
			};
			name = Debug;
		};
		7B46313818D1F09D009C5B3A /* Release */ = {
			isa = XCBuildConfiguration;
			buildSettings = {
				BUNDLE_LOADER = "$(BUILT_PRODUCTS_DIR)/testFFmpeg.app/testFFmpeg";
				FRAMEWORK_SEARCH_PATHS = (
					"$(SDKROOT)/Developer/Library/Frameworks",
					"$(inherited)",
					"$(DEVELOPER_FRAMEWORKS_DIR)",
				);
				GCC_PRECOMPILE_PREFIX_HEADER = YES;
				GCC_PREFIX_HEADER = "testFFmpeg/testFFmpeg-Prefix.pch";
				INFOPLIST_FILE = "testFFmpegTests/testFFmpegTests-Info.plist";
				PRODUCT_NAME = "$(TARGET_NAME)";
				TEST_HOST = "$(BUNDLE_LOADER)";
				WRAPPER_EXTENSION = xctest;
			};
			name = Release;
		};
/* End XCBuildConfiguration section */

/* Begin XCConfigurationList section */
		7B4630FC18D1F09D009C5B3A /* Build configuration list for PBXProject "testFFmpeg" */ = {
			isa = XCConfigurationList;
			buildConfigurations = (
				7B46313118D1F09D009C5B3A /* Debug */,
				7B46313218D1F09D009C5B3A /* Release */,
			);
			defaultConfigurationIsVisible = 0;
			defaultConfigurationName = Release;
		};
		7B46313318D1F09D009C5B3A /* Build configuration list for PBXNativeTarget "testFFmpeg" */ = {
			isa = XCConfigurationList;
			buildConfigurations = (
				7B46313418D1F09D009C5B3A /* Debug */,
				7B46313518D1F09D009C5B3A /* Release */,
			);
			defaultConfigurationIsVisible = 0;
			defaultConfigurationName = Release;
		};
		7B46313618D1F09D009C5B3A /* Build configuration list for PBXNativeTarget "testFFmpegTests" */ = {
			isa = XCConfigurationList;
			buildConfigurations = (
				7B46313718D1F09D009C5B3A /* Debug */,
				7B46313818D1F09D009C5B3A /* Release */,
			);
			defaultConfigurationIsVisible = 0;
			defaultConfigurationName = Release;
		};
/* End XCConfigurationList section */
	};
	rootObject = 7B4630F918D1F09D009C5B3A /* Project object */;
}
